
Microsoft Visual Studio Solution File, Format Version 12.00
# Visual Studio Version 17
VisualStudioVersion = 17.3.32901.215
MinimumVisualStudioVersion = 10.0.40219.1
Project("{FAE04EC0-301F-11D3-BF4B-00C04F79EFBC}") = "SnakeAndLadder", "SnakeAndLadder\SnakeAndLadder.csproj", "{4B5E6183-CB81-4756-99DF-A4A7BDC7E21D}"
EndProject
Global
	GlobalSection(SolutionConfigurationPlatforms) = preSolution
		Debug|Any CPU = Debug|Any CPU
		Release|Any CPU = Release|Any CPU
	EndGlobalSection
	GlobalSection(ProjectConfigurationPlatforms) = postSolution
		{4B5E6183-CB81-4756-99DF-A4A7BDC7E21D}.Debug|Any CPU.ActiveCfg = Debug|Any CPU
		{4B5E6183-CB81-4756-99DF-A4A7BDC7E21D}.Debug|Any CPU.Build.0 = Debug|Any CPU
		{4B5E6183-CB81-4756-99DF-A4A7BDC7E21D}.Release|Any CPU.ActiveCfg = Release|Any CPU
		{4B5E6183-CB81-4756-99DF-A4A7BDC7E21D}.Release|Any CPU.Build.0 = Release|Any CPU
	EndGlobalSection
	GlobalSection(SolutionProperties) = preSolution
		HideSolutionNode = FALSE
	EndGlobalSection
	GlobalSection(ExtensibilityGlobals) = postSolution
		SolutionGuid = {EDC8185E-0093-47C3-B437-FA56624D591B}
	EndGlobalSection
EndGlobal
